
Microsoft Visual Studio Solution File, Format Version 12.00
# Visual Studio Version 17
VisualStudioVersion = 17.8.34330.188
MinimumVisualStudioVersion = 10.0.40219.1
Project("{FAE04EC0-301F-11D3-BF4B-00C04F79EFBC}") = "E-Commerce.API", "E-Commerce.API\E-Commerce.API.csproj", "{EC866C89-778F-4D28-A96B-5741B7B6B8ED}"
EndProject
Project("{FAE04EC0-301F-11D3-BF4B-00C04F79EFBC}") = "E-Commerce.Core", "E-Commerce.Core\E-Commerce.Core.csproj", "{F8FA0D7B-0AAD-49EE-BB7B-2363FE7BE5C7}"
EndProject
Project("{FAE04EC0-301F-11D3-BF4B-00C04F79EFBC}") = "E-Commerce.Repository", "E-Commerce.Repository\E-Commerce.Repository.csproj", "{CADE57DA-CA56-4C6B-833C-42D990D1359A}"
EndProject
Project("{FAE04EC0-301F-11D3-BF4B-00C04F79EFBC}") = "E-Commerce.Service", "E-Commerce.Service\E-Commerce.Service.csproj", "{BD99882C-A19B-4E8E-8E22-106787F3806B}"
EndProject
Global
	GlobalSection(SolutionConfigurationPlatforms) = preSolution
		Debug|Any CPU = Debug|Any CPU
		Release|Any CPU = Release|Any CPU
	EndGlobalSection
	GlobalSection(ProjectConfigurationPlatforms) = postSolution
		{EC866C89-778F-4D28-A96B-5741B7B6B8ED}.Debug|Any CPU.ActiveCfg = Debug|Any CPU
		{EC866C89-778F-4D28-A96B-5741B7B6B8ED}.Debug|Any CPU.Build.0 = Debug|Any CPU
		{EC866C89-778F-4D28-A96B-5741B7B6B8ED}.Release|Any CPU.ActiveCfg = Release|Any CPU
		{EC866C89-778F-4D28-A96B-5741B7B6B8ED}.Release|Any CPU.Build.0 = Release|Any CPU
		{F8FA0D7B-0AAD-49EE-BB7B-2363FE7BE5C7}.Debug|Any CPU.ActiveCfg = Debug|Any CPU
		{F8FA0D7B-0AAD-49EE-BB7B-2363FE7BE5C7}.Debug|Any CPU.Build.0 = Debug|Any CPU
		{F8FA0D7B-0AAD-49EE-BB7B-2363FE7BE5C7}.Release|Any CPU.ActiveCfg = Release|Any CPU
		{F8FA0D7B-0AAD-49EE-BB7B-2363FE7BE5C7}.Release|Any CPU.Build.0 = Release|Any CPU
		{CADE57DA-CA56-4C6B-833C-42D990D1359A}.Debug|Any CPU.ActiveCfg = Debug|Any CPU
		{CADE57DA-CA56-4C6B-833C-42D990D1359A}.Debug|Any CPU.Build.0 = Debug|Any CPU
		{CADE57DA-CA56-4C6B-833C-42D990D1359A}.Release|Any CPU.ActiveCfg = Release|Any CPU
		{CADE57DA-CA56-4C6B-833C-42D990D1359A}.Release|Any CPU.Build.0 = Release|Any CPU
		{BD99882C-A19B-4E8E-8E22-106787F3806B}.Debug|Any CPU.ActiveCfg = Debug|Any CPU
		{BD99882C-A19B-4E8E-8E22-106787F3806B}.Debug|Any CPU.Build.0 = Debug|Any CPU
		{BD99882C-A19B-4E8E-8E22-106787F3806B}.Release|Any CPU.ActiveCfg = Release|Any CPU
		{BD99882C-A19B-4E8E-8E22-106787F3806B}.Release|Any CPU.Build.0 = Release|Any CPU
	EndGlobalSection
	GlobalSection(SolutionProperties) = preSolution
		HideSolutionNode = FALSE
	EndGlobalSection
	GlobalSection(ExtensibilityGlobals) = postSolution
		SolutionGuid = {DD1113A0-DC5E-4144-95F3-75D0581EB98B}
	EndGlobalSection
EndGlobal
